
Microsoft Visual Studio Solution File, Format Version 12.00
# Visual Studio Version 16
VisualStudioVersion = 16.0.30907.101
MinimumVisualStudioVersion = 10.0.40219.1
Project("{9A19103F-16F7-4668-BE54-9A1E7A4F7556}") = "Consumer", "work\Consumer.csproj", "{70A2EA3B-EC64-4F81-ABEF-7B5BCF94A851}"
EndProject
Project("{FAE04EC0-301F-11D3-BF4B-00C04F79EFBC}") = "Producer", "Producer\Producer.csproj", "{067017D5-3BF9-40B8-A848-671302E40468}"
EndProject
Global
	GlobalSection(SolutionConfigurationPlatforms) = preSolution
		Debug|Any CPU = Debug|Any CPU
		Release|Any CPU = Release|Any CPU
	EndGlobalSection
	GlobalSection(ProjectConfigurationPlatforms) = postSolution
		{70A2EA3B-EC64-4F81-ABEF-7B5BCF94A851}.Debug|Any CPU.ActiveCfg = Debug|Any CPU
		{70A2EA3B-EC64-4F81-ABEF-7B5BCF94A851}.Debug|Any CPU.Build.0 = Debug|Any CPU
		{70A2EA3B-EC64-4F81-ABEF-7B5BCF94A851}.Release|Any CPU.ActiveCfg = Release|Any CPU
		{70A2EA3B-EC64-4F81-ABEF-7B5BCF94A851}.Release|Any CPU.Build.0 = Release|Any CPU
		{067017D5-3BF9-40B8-A848-671302E40468}.Debug|Any CPU.ActiveCfg = Debug|Any CPU
		{067017D5-3BF9-40B8-A848-671302E40468}.Debug|Any CPU.Build.0 = Debug|Any CPU
		{067017D5-3BF9-40B8-A848-671302E40468}.Release|Any CPU.ActiveCfg = Release|Any CPU
		{067017D5-3BF9-40B8-A848-671302E40468}.Release|Any CPU.Build.0 = Release|Any CPU
	EndGlobalSection
	GlobalSection(SolutionProperties) = preSolution
		HideSolutionNode = FALSE
	EndGlobalSection
	GlobalSection(ExtensibilityGlobals) = postSolution
		SolutionGuid = {8D167690-B6E9-411F-BD5E-44AE93C0682B}
	EndGlobalSection
EndGlobal
